
Microsoft Visual Studio Solution File, Format Version 10.00
# Visual Studio 2008
Project("{8BC9CEB8-8B4A-11D0-8D11-00A0C91BC942}") = "boost_asio_server", "boost_asio_server\boost_asio_server.vcproj", "{5B7F9F29-ECDE-4946-8258-15104A1CDF7E}"
EndProject
Project("{2150E333-8FDC-42A3-9474-1A3956D46DE8}") = "ACE", "ACE", "{2C2BA5E3-80E5-439C-9D14-05770887F6D9}"
EndProject
Project("{2150E333-8FDC-42A3-9474-1A3956D46DE8}") = "boost", "boost", "{68BC55AD-CF4A-4D4C-8C69-090FA1CCB560}"
EndProject
Project("{2150E333-8FDC-42A3-9474-1A3956D46DE8}") = "libevent", "libevent", "{42EC627E-F56C-4BAB-A39F-E0393B85641E}"
EndProject
Project("{2150E333-8FDC-42A3-9474-1A3956D46DE8}") = "Gof's Design Pattern-23", "Gof's Design Pattern-23", "{BC045306-8BFC-480D-8AE7-A6BDD3DAE6A0}"
EndProject
Project("{8BC9CEB8-8B4A-11D0-8D11-00A0C91BC942}") = "Client", "libevent_server\Client\Client.vcproj", "{26736814-D109-496E-B695-0A5F75456893}"
EndProject
Project("{8BC9CEB8-8B4A-11D0-8D11-00A0C91BC942}") = "Test", "libevent_server\Server\Test.vcproj", "{758B51E1-BA40-419D-B529-DEEE64269741}"
EndProject
Project("{8BC9CEB8-8B4A-11D0-8D11-00A0C91BC942}") = "libevent", "libevent_server\libevent\libevent.vcproj", "{D2BD655E-231F-4039-89F8-2AE29269EFF1}"
EndProject
Project("{8BC9CEB8-8B4A-11D0-8D11-00A0C91BC942}") = "ACE_MAIN", "ACE_MAIN\ACE_MAIN.vcproj", "{9BB653E7-3034-4A35-86D9-1B9D4CBD8075}"
EndProject
Project("{8BC9CEB8-8B4A-11D0-8D11-00A0C91BC942}") = "Bridge", "Bridge\Bridge.vcproj", "{2D007287-8EAC-4336-A27F-A9FA78FE5633}"
EndProject
Project("{8BC9CEB8-8B4A-11D0-8D11-00A0C91BC942}") = "Observer", "Observer\Observer.vcproj", "{6FD600DA-A8FC-4A2A-B4C7-BC80A9FE74F0}"
EndProject
Project("{8BC9CEB8-8B4A-11D0-8D11-00A0C91BC942}") = "Prototype", "Prototype\Prototype.vcproj", "{ADEDA838-76EB-4DE8-98FB-7F8C7D3D5F01}"
EndProject
Project("{8BC9CEB8-8B4A-11D0-8D11-00A0C91BC942}") = "Decorator", "Decorator\Decorator.vcproj", "{2D43B2B3-4D09-4823-8180-FEF81DD1964E}"
EndProject
Project("{8BC9CEB8-8B4A-11D0-8D11-00A0C91BC942}") = "Facade", "Facade\Facade.vcproj", "{4EEF7B20-5DAC-44FC-848F-ECFB142D965E}"
EndProject
Project("{8BC9CEB8-8B4A-11D0-8D11-00A0C91BC942}") = "Builder", "Builder\Builder.vcproj", "{831D6E4A-05E6-4A0F-8EED-DD4789842582}"
EndProject
Project("{2150E333-8FDC-42A3-9474-1A3956D46DE8}") = "1-creational-5", "1-creational-5", "{A52FEB96-5FCF-429F-9331-7A916776EB25}"
EndProject
Project("{2150E333-8FDC-42A3-9474-1A3956D46DE8}") = "2-structural-7", "2-structural-7", "{01547B29-E560-4655-B01F-6845AF786C2F}"
EndProject
Project("{2150E333-8FDC-42A3-9474-1A3956D46DE8}") = "3-behavioral-11", "3-behavioral-11", "{AE5A1524-2056-47AF-BAD0-DF219C16E416}"
EndProject
Project("{8BC9CEB8-8B4A-11D0-8D11-00A0C91BC942}") = "Singleton", "Singleton\Singleton.vcproj", "{115484BA-DC28-4DC5-9E4C-BD778A48BA32}"
EndProject
Project("{8BC9CEB8-8B4A-11D0-8D11-00A0C91BC942}") = "Factory", "Factory\Factory.vcproj", "{9F3D7725-9E8C-4AF4-AFC4-3CBDD1E9CB07}"
EndProject
Project("{8BC9CEB8-8B4A-11D0-8D11-00A0C91BC942}") = "AbstractFactory", "AbstractFactory\AbstractFactory.vcproj", "{5F60C134-F640-434B-81DA-E8171AA0A5E3}"
EndProject
Project("{8BC9CEB8-8B4A-11D0-8D11-00A0C91BC942}") = "Adapter", "Adapter\Adapter.vcproj", "{4C0FC9BB-2419-4FB2-B1B8-7B4B30E170E9}"
EndProject
Project("{8BC9CEB8-8B4A-11D0-8D11-00A0C91BC942}") = "State", "State\State.vcproj", "{D64021B4-BBCC-44CC-86CE-A595D4677D40}"
EndProject
Project("{8BC9CEB8-8B4A-11D0-8D11-00A0C91BC942}") = "Strategy", "Strategy\Strategy.vcproj", "{EF7195BC-C0AD-49F6-B09D-4DE430914102}"
EndProject
Project("{8BC9CEB8-8B4A-11D0-8D11-00A0C91BC942}") = "Iterator", "Iterator\Iterator.vcproj", "{0DDE5B2C-BA6E-4011-8924-3AA6BA26E7C2}"
EndProject
Project("{8BC9CEB8-8B4A-11D0-8D11-00A0C91BC942}") = "TemplateMethod", "TemplateMethod\TemplateMethod.vcproj", "{23C01BA8-D560-4606-B1E3-34D825C1BD3A}"
EndProject
Project("{8BC9CEB8-8B4A-11D0-8D11-00A0C91BC942}") = "Visitor", "Visitor\Visitor.vcproj", "{35E5D1A3-12DB-447D-89D7-949C283D039E}"
EndProject
Project("{8BC9CEB8-8B4A-11D0-8D11-00A0C91BC942}") = "Command", "Command\Command.vcproj", "{36A82154-2278-4E89-B3B6-562CC98B78F1}"
EndProject
Project("{8BC9CEB8-8B4A-11D0-8D11-00A0C91BC942}") = "Mediator", "Mediator\Mediator.vcproj", "{F6F20F9F-03FF-4DE8-9D77-8FE8BCB360E8}"
EndProject
Project("{8BC9CEB8-8B4A-11D0-8D11-00A0C91BC942}") = "ChainOfResponsibility", "ChainOfResponsibility\ChainOfResponsibility.vcproj", "{33E37D8F-F66E-40D3-AA8E-6957616C6BC0}"
EndProject
Project("{8BC9CEB8-8B4A-11D0-8D11-00A0C91BC942}") = "Memento", "Memento\Memento.vcproj", "{DCB26FA0-6929-4D2C-930D-68C8678B745D}"
EndProject
Project("{8BC9CEB8-8B4A-11D0-8D11-00A0C91BC942}") = "Interpreter", "Interpreter\Interpreter.vcproj", "{44F903EE-F173-437A-BB03-7E2CCC681ABA}"
EndProject
Project("{8BC9CEB8-8B4A-11D0-8D11-00A0C91BC942}") = "Composite", "Composite\Composite.vcproj", "{47497567-33E9-4FED-A4AF-B05D1E93F2D7}"
EndProject
Project("{8BC9CEB8-8B4A-11D0-8D11-00A0C91BC942}") = "Proxy", "Proxy\Proxy.vcproj", "{5EE9637E-EE7C-4482-A5F6-35881A857C93}"
EndProject
Project("{8BC9CEB8-8B4A-11D0-8D11-00A0C91BC942}") = "FlyWeight", "FlyWeight\FlyWeight.vcproj", "{817AEFC3-84ED-4FAD-AFF3-28329B5052A6}"
EndProject
Project("{8BC9CEB8-8B4A-11D0-8D11-00A0C91BC942}") = "libev", "libev\libev.vcproj", "{E787ACC5-88E4-4586-ADAA-1D0EFF976D77}"
EndProject
Project("{2150E333-8FDC-42A3-9474-1A3956D46DE8}") = "5's IO Model", "5's IO Model", "{9FF61737-0502-4933-A12A-40BD7CA3E3A4}"
EndProject
Project("{8BC9CEB8-8B4A-11D0-8D11-00A0C91BC942}") = "Server", "5's IO Model\5大网络IO模型代码示例\select模型\Server.vcproj", "{08F234AF-0AE7-4286-A188-1C207F080747}"
EndProject
Project("{2150E333-8FDC-42A3-9474-1A3956D46DE8}") = "select", "select", "{621360DC-C198-4E37-B794-D0A7EA4EDB79}"
EndProject
Project("{2150E333-8FDC-42A3-9474-1A3956D46DE8}") = "iocp", "iocp", "{6E0E2F83-0FD2-43FC-9172-96B19B42A730}"
EndProject
Project("{2150E333-8FDC-42A3-9474-1A3956D46DE8}") = "WSAAsyncSelect", "WSAAsyncSelect", "{2774FAA1-B543-4999-92C4-1B97EB86B32F}"
EndProject
Project("{2150E333-8FDC-42A3-9474-1A3956D46DE8}") = "overlapped", "overlapped", "{3AE78510-FD0E-4038-B3A7-84F44F3F91EA}"
EndProject
Project("{2150E333-8FDC-42A3-9474-1A3956D46DE8}") = "epoll", "epoll", "{A271423A-38B4-4073-AAAC-9F9D13302F0E}"
EndProject
Project("{2150E333-8FDC-42A3-9474-1A3956D46DE8}") = "poll", "poll", "{30557298-DAE2-4257-B30C-298660CD2AC7}"
EndProject
Project("{2150E333-8FDC-42A3-9474-1A3956D46DE8}") = "WSAEventSelect", "WSAEventSelect", "{7BC8B61C-C9BC-46D5-A184-094B54EAC1E1}"
EndProject
Project("{8BC9CEB8-8B4A-11D0-8D11-00A0C91BC942}") = "Server", "5's IO Model\5大网络IO模型代码示例\重叠IO模型\重叠IO之事件驱动\Server.vcproj", "{0C163390-F91B-417F-9EBA-00C908027D0C}"
EndProject
Project("{2150E333-8FDC-42A3-9474-1A3956D46DE8}") = "completion routine", "completion routine", "{F2CB5B41-26D2-458E-9C91-CC49E43EBFD1}"
EndProject
Project("{2150E333-8FDC-42A3-9474-1A3956D46DE8}") = "event-driven", "event-driven", "{6D3FB9C9-ADBF-490A-B32E-1F114B6C01A2}"
EndProject
Project("{8BC9CEB8-8B4A-11D0-8D11-00A0C91BC942}") = "Client", "5's IO Model\5大网络IO模型代码示例\重叠IO模型\重叠IO之完成例程\Client.vcproj", "{A503F4C8-EE5B-4898-AED9-3BF96BBB6789}"
EndProject
Project("{8BC9CEB8-8B4A-11D0-8D11-00A0C91BC942}") = "Client", "5's IO Model\5大网络IO模型代码示例\完成端口模型\Client.vcproj", "{1954527D-5AF0-4D01-8105-C9B51186C850}"
EndProject
Project("{8BC9CEB8-8B4A-11D0-8D11-00A0C91BC942}") = "Server", "5's IO Model\5大网络IO模型代码示例\完成端口模型\Server.vcproj", "{1461CBD3-F222-47B1-9B01-F808C3B23CFC}"
EndProject
Project("{8BC9CEB8-8B4A-11D0-8D11-00A0C91BC942}") = "Client", "5's IO Model\5大网络IO模型代码示例\WSAAsyncSelect模型\Client\Client.vcproj", "{7CD7DF6C-D648-4A90-928E-23D24D978542}"
EndProject
Project("{8BC9CEB8-8B4A-11D0-8D11-00A0C91BC942}") = "Server", "5's IO Model\5大网络IO模型代码示例\WSAAsyncSelect模型\Server\Server.vcproj", "{58AC0B2F-D0CD-45D2-9C59-B077534557BD}"
EndProject
Project("{8BC9CEB8-8B4A-11D0-8D11-00A0C91BC942}") = "Client", "5's IO Model\5大网络IO模型代码示例\WSAEventSelect模型\Client.vcproj", "{90ADB262-73E4-4E15-B725-1FDDDED8B20F}"
EndProject
Project("{8BC9CEB8-8B4A-11D0-8D11-00A0C91BC942}") = "Server", "5's IO Model\5大网络IO模型代码示例\WSAEventSelect模型\Server.vcproj", "{50869EE3-066F-4D15-8316-FB5BD5B2FBA6}"
EndProject
Project("{8BC9CEB8-8B4A-11D0-8D11-00A0C91BC942}") = "epoll2", "5's IO Model\epoll2\epoll2.vcproj", "{C41F5B36-8AA5-45FE-BD2B-BC027385BFD1}"
EndProject
Project("{8BC9CEB8-8B4A-11D0-8D11-00A0C91BC942}") = "poll_impl", "poll_impl\poll_impl.vcproj", "{30221BAA-3C80-4B74-96F9-598C67F20E5F}"
EndProject
Project("{8BC9CEB8-8B4A-11D0-8D11-00A0C91BC942}") = "Server", "5's IO Model\5大网络IO模型代码示例\重叠IO模型\重叠IO之完成例程\Server.vcproj", "{7019CDDC-9293-49D1-AB42-81493DBBBD26}"
EndProject
Project("{8BC9CEB8-8B4A-11D0-8D11-00A0C91BC942}") = "Client", "5's IO Model\5大网络IO模型代码示例\重叠IO模型\重叠IO之事件驱动\Client.vcproj", "{9FCAF2AB-9525-4495-B137-830FB2248F2E}"
EndProject
Project("{8BC9CEB8-8B4A-11D0-8D11-00A0C91BC942}") = "Client", "5's IO Model\5大网络IO模型代码示例\select模型\Client.vcproj", "{74133E0A-8D5D-4317-99FF-65D4D9B28DB8}"
EndProject
Project("{8BC9CEB8-8B4A-11D0-8D11-00A0C91BC942}") = "ACE_Reactor_Client", "ACE_Reactor_Client\ACE_Reactor_Client.vcproj", "{E70ECC5E-50B2-470C-B598-8BD738317F2A}"
EndProject
Project("{8BC9CEB8-8B4A-11D0-8D11-00A0C91BC942}") = "ACE_Reactor_Server", "ACE_Reactor_Server\ACE_Reactor_Server.vcproj", "{F95DFE69-01D9-4663-86AB-568432CEB5CF}"
EndProject
Project("{8BC9CEB8-8B4A-11D0-8D11-00A0C91BC942}") = "ACE_Proactor_Client", "ACE_Proactor_Client\ACE_Proactor_Client.vcproj", "{8A28628D-ADC1-4E75-A45F-51212AE6C92A}"
EndProject
Project("{8BC9CEB8-8B4A-11D0-8D11-00A0C91BC942}") = "ACE_Proactor_Server", "ACE_Proactor_Server\ACE_Proactor_Server.vcproj", "{8BEBCC9A-5833-4696-B410-7CA5D2ED294E}"
EndProject
Project("{2150E333-8FDC-42A3-9474-1A3956D46DE8}") = "Proactor", "Proactor", "{B9771E10-6CB8-44A2-BF18-AFB32999E682}"
EndProject
Project("{2150E333-8FDC-42A3-9474-1A3956D46DE8}") = "Reactor", "Reactor", "{198C8C86-E264-4216-A5D7-05FA85B09D53}"
EndProject
Project("{8BC9CEB8-8B4A-11D0-8D11-00A0C91BC942}") = "boost_asio_client", "boost_asio_client\boost_asio_client.vcproj", "{4686A421-0C4B-4FDB-A7DA-6B1565CA0969}"
EndProject
Project("{8BC9CEB8-8B4A-11D0-8D11-00A0C91BC942}") = "boost_sync_server", "boost_sync_server\boost_sync_server.vcproj", "{658199D9-D2A6-4B8D-A835-C2ED1E61F117}"
EndProject
Project("{8BC9CEB8-8B4A-11D0-8D11-00A0C91BC942}") = "boost_sync_client", "boost_sync_client\boost_sync_client.vcproj", "{DE9E8CC5-31BF-4093-A416-D1144ED76432}"
EndProject
Project("{2150E333-8FDC-42A3-9474-1A3956D46DE8}") = "ICE", "ICE", "{6ADDD842-712B-419F-8BF8-C9E16703488D}"
EndProject
Project("{8BC9CEB8-8B4A-11D0-8D11-00A0C91BC942}") = "CalculatorClient", "CalculatorClient\CalculatorClient.vcproj", "{31F750FB-6948-4614-B96F-B15A65DEEF38}"
EndProject
Project("{8BC9CEB8-8B4A-11D0-8D11-00A0C91BC942}") = "CalculatorServer", "CalculatorServer\CalculatorServer.vcproj", "{871FCE32-7252-4242-A182-E56D8A12FAD0}"
EndProject
Project("{2150E333-8FDC-42A3-9474-1A3956D46DE8}") = "thread syn", "thread syn", "{3D0C51B8-6092-4BFF-A5AB-D42850F32DA1}"
EndProject
Project("{2150E333-8FDC-42A3-9474-1A3956D46DE8}") = "IPC", "IPC", "{E73D95DC-E493-41CB-A7C9-150BB08D6FD8}"
EndProject
Project("{8BC9CEB8-8B4A-11D0-8D11-00A0C91BC942}") = "win32_thread_syn", "win32_thread_syn\win32_thread_syn.vcproj", "{B5722120-387F-4992-8D35-8A67F9A7A197}"
EndProject
Project("{8BC9CEB8-8B4A-11D0-8D11-00A0C91BC942}") = "linux_thread_syn", "linux_thread_syn\linux_thread_syn.vcproj", "{18A3AFCA-3207-4FA0-AF28-1A7C8610B08B}"
EndProject
Project("{8BC9CEB8-8B4A-11D0-8D11-00A0C91BC942}") = "win32_ipc", "win32_ipc\win32_ipc.vcproj", "{35F68245-B96C-4163-B763-F1A9EE5CCF32}"
EndProject
Project("{8BC9CEB8-8B4A-11D0-8D11-00A0C91BC942}") = "linux_ipc", "linux_ipc\linux_ipc.vcproj", "{04A6D6BF-4ABF-4C04-B84A-4937559C371A}"
EndProject
Project("{2150E333-8FDC-42A3-9474-1A3956D46DE8}") = "Assembly", "Assembly", "{EE713C99-30DA-45C4-89D1-17D88D32AB97}"
EndProject
Project("{8BC9CEB8-8B4A-11D0-8D11-00A0C91BC942}") = "test", "test\test.vcproj", "{4F64596A-088E-4DF9-8D14-B9CD76EE1C6F}"
EndProject
Global
	GlobalSection(SolutionConfigurationPlatforms) = preSolution
		Debug|Win32 = Debug|Win32
		Release|Win32 = Release|Win32
	EndGlobalSection
	GlobalSection(ProjectConfigurationPlatforms) = postSolution
		{5B7F9F29-ECDE-4946-8258-15104A1CDF7E}.Debug|Win32.ActiveCfg = Debug|Win32
		{5B7F9F29-ECDE-4946-8258-15104A1CDF7E}.Debug|Win32.Build.0 = Debug|Win32
		{5B7F9F29-ECDE-4946-8258-15104A1CDF7E}.Release|Win32.ActiveCfg = Release|Win32
		{5B7F9F29-ECDE-4946-8258-15104A1CDF7E}.Release|Win32.Build.0 = Release|Win32
		{26736814-D109-496E-B695-0A5F75456893}.Debug|Win32.ActiveCfg = Debug|Win32
		{26736814-D109-496E-B695-0A5F75456893}.Debug|Win32.Build.0 = Debug|Win32
		{26736814-D109-496E-B695-0A5F75456893}.Release|Win32.ActiveCfg = Release|Win32
		{26736814-D109-496E-B695-0A5F75456893}.Release|Win32.Build.0 = Release|Win32
		{758B51E1-BA40-419D-B529-DEEE64269741}.Debug|Win32.ActiveCfg = Debug|Win32
		{758B51E1-BA40-419D-B529-DEEE64269741}.Debug|Win32.Build.0 = Debug|Win32
		{758B51E1-BA40-419D-B529-DEEE64269741}.Release|Win32.ActiveCfg = Release|Win32
		{758B51E1-BA40-419D-B529-DEEE64269741}.Release|Win32.Build.0 = Release|Win32
		{D2BD655E-231F-4039-89F8-2AE29269EFF1}.Debug|Win32.ActiveCfg = Debug|Win32
		{D2BD655E-231F-4039-89F8-2AE29269EFF1}.Debug|Win32.Build.0 = Debug|Win32
		{D2BD655E-231F-4039-89F8-2AE29269EFF1}.Release|Win32.ActiveCfg = Release|Win32
		{D2BD655E-231F-4039-89F8-2AE29269EFF1}.Release|Win32.Build.0 = Release|Win32
		{9BB653E7-3034-4A35-86D9-1B9D4CBD8075}.Debug|Win32.ActiveCfg = Debug|Win32
		{9BB653E7-3034-4A35-86D9-1B9D4CBD8075}.Debug|Win32.Build.0 = Debug|Win32
		{9BB653E7-3034-4A35-86D9-1B9D4CBD8075}.Release|Win32.ActiveCfg = Release|Win32
		{9BB653E7-3034-4A35-86D9-1B9D4CBD8075}.Release|Win32.Build.0 = Release|Win32
		{2D007287-8EAC-4336-A27F-A9FA78FE5633}.Debug|Win32.ActiveCfg = Debug|Win32
		{2D007287-8EAC-4336-A27F-A9FA78FE5633}.Debug|Win32.Build.0 = Debug|Win32
		{2D007287-8EAC-4336-A27F-A9FA78FE5633}.Release|Win32.ActiveCfg = Release|Win32
		{2D007287-8EAC-4336-A27F-A9FA78FE5633}.Release|Win32.Build.0 = Release|Win32
		{6FD600DA-A8FC-4A2A-B4C7-BC80A9FE74F0}.Debug|Win32.ActiveCfg = Debug|Win32
		{6FD600DA-A8FC-4A2A-B4C7-BC80A9FE74F0}.Debug|Win32.Build.0 = Debug|Win32
		{6FD600DA-A8FC-4A2A-B4C7-BC80A9FE74F0}.Release|Win32.ActiveCfg = Release|Win32
		{6FD600DA-A8FC-4A2A-B4C7-BC80A9FE74F0}.Release|Win32.Build.0 = Release|Win32
		{ADEDA838-76EB-4DE8-98FB-7F8C7D3D5F01}.Debug|Win32.ActiveCfg = Debug|Win32
		{ADEDA838-76EB-4DE8-98FB-7F8C7D3D5F01}.Debug|Win32.Build.0 = Debug|Win32
		{ADEDA838-76EB-4DE8-98FB-7F8C7D3D5F01}.Release|Win32.ActiveCfg = Release|Win32
		{ADEDA838-76EB-4DE8-98FB-7F8C7D3D5F01}.Release|Win32.Build.0 = Release|Win32
		{2D43B2B3-4D09-4823-8180-FEF81DD1964E}.Debug|Win32.ActiveCfg = Debug|Win32
		{2D43B2B3-4D09-4823-8180-FEF81DD1964E}.Debug|Win32.Build.0 = Debug|Win32
		{2D43B2B3-4D09-4823-8180-FEF81DD1964E}.Release|Win32.ActiveCfg = Release|Win32
		{2D43B2B3-4D09-4823-8180-FEF81DD1964E}.Release|Win32.Build.0 = Release|Win32
		{4EEF7B20-5DAC-44FC-848F-ECFB142D965E}.Debug|Win32.ActiveCfg = Debug|Win32
		{4EEF7B20-5DAC-44FC-848F-ECFB142D965E}.Debug|Win32.Build.0 = Debug|Win32
		{4EEF7B20-5DAC-44FC-848F-ECFB142D965E}.Release|Win32.ActiveCfg = Release|Win32
		{4EEF7B20-5DAC-44FC-848F-ECFB142D965E}.Release|Win32.Build.0 = Release|Win32
		{831D6E4A-05E6-4A0F-8EED-DD4789842582}.Debug|Win32.ActiveCfg = Debug|Win32
		{831D6E4A-05E6-4A0F-8EED-DD4789842582}.Debug|Win32.Build.0 = Debug|Win32
		{831D6E4A-05E6-4A0F-8EED-DD4789842582}.Release|Win32.ActiveCfg = Release|Win32
		{831D6E4A-05E6-4A0F-8EED-DD4789842582}.Release|Win32.Build.0 = Release|Win32
		{115484BA-DC28-4DC5-9E4C-BD778A48BA32}.Debug|Win32.ActiveCfg = Debug|Win32
		{115484BA-DC28-4DC5-9E4C-BD778A48BA32}.Debug|Win32.Build.0 = Debug|Win32
		{115484BA-DC28-4DC5-9E4C-BD778A48BA32}.Release|Win32.ActiveCfg = Release|Win32
		{115484BA-DC28-4DC5-9E4C-BD778A48BA32}.Release|Win32.Build.0 = Release|Win32
		{9F3D7725-9E8C-4AF4-AFC4-3CBDD1E9CB07}.Debug|Win32.ActiveCfg = Debug|Win32
		{9F3D7725-9E8C-4AF4-AFC4-3CBDD1E9CB07}.Debug|Win32.Build.0 = Debug|Win32
		{9F3D7725-9E8C-4AF4-AFC4-3CBDD1E9CB07}.Release|Win32.ActiveCfg = Release|Win32
		{9F3D7725-9E8C-4AF4-AFC4-3CBDD1E9CB07}.Release|Win32.Build.0 = Release|Win32
		{5F60C134-F640-434B-81DA-E8171AA0A5E3}.Debug|Win32.ActiveCfg = Debug|Win32
		{5F60C134-F640-434B-81DA-E8171AA0A5E3}.Debug|Win32.Build.0 = Debug|Win32
		{5F60C134-F640-434B-81DA-E8171AA0A5E3}.Release|Win32.ActiveCfg = Release|Win32
		{5F60C134-F640-434B-81DA-E8171AA0A5E3}.Release|Win32.Build.0 = Release|Win32
		{4C0FC9BB-2419-4FB2-B1B8-7B4B30E170E9}.Debug|Win32.ActiveCfg = Debug|Win32
		{4C0FC9BB-2419-4FB2-B1B8-7B4B30E170E9}.Debug|Win32.Build.0 = Debug|Win32
		{4C0FC9BB-2419-4FB2-B1B8-7B4B30E170E9}.Release|Win32.ActiveCfg = Release|Win32
		{4C0FC9BB-2419-4FB2-B1B8-7B4B30E170E9}.Release|Win32.Build.0 = Release|Win32
		{D64021B4-BBCC-44CC-86CE-A595D4677D40}.Debug|Win32.ActiveCfg = Debug|Win32
		{D64021B4-BBCC-44CC-86CE-A595D4677D40}.Debug|Win32.Build.0 = Debug|Win32
		{D64021B4-BBCC-44CC-86CE-A595D4677D40}.Release|Win32.ActiveCfg = Release|Win32
		{D64021B4-BBCC-44CC-86CE-A595D4677D40}.Release|Win32.Build.0 = Release|Win32
		{EF7195BC-C0AD-49F6-B09D-4DE430914102}.Debug|Win32.ActiveCfg = Debug|Win32
		{EF7195BC-C0AD-49F6-B09D-4DE430914102}.Debug|Win32.Build.0 = Debug|Win32
		{EF7195BC-C0AD-49F6-B09D-4DE430914102}.Release|Win32.ActiveCfg = Release|Win32
		{EF7195BC-C0AD-49F6-B09D-4DE430914102}.Release|Win32.Build.0 = Release|Win32
		{0DDE5B2C-BA6E-4011-8924-3AA6BA26E7C2}.Debug|Win32.ActiveCfg = Debug|Win32
		{0DDE5B2C-BA6E-4011-8924-3AA6BA26E7C2}.Debug|Win32.Build.0 = Debug|Win32
		{0DDE5B2C-BA6E-4011-8924-3AA6BA26E7C2}.Release|Win32.ActiveCfg = Release|Win32
		{0DDE5B2C-BA6E-4011-8924-3AA6BA26E7C2}.Release|Win32.Build.0 = Release|Win32
		{23C01BA8-D560-4606-B1E3-34D825C1BD3A}.Debug|Win32.ActiveCfg = Debug|Win32
		{23C01BA8-D560-4606-B1E3-34D825C1BD3A}.Debug|Win32.Build.0 = Debug|Win32
		{23C01BA8-D560-4606-B1E3-34D825C1BD3A}.Release|Win32.ActiveCfg = Release|Win32
		{23C01BA8-D560-4606-B1E3-34D825C1BD3A}.Release|Win32.Build.0 = Release|Win32
		{35E5D1A3-12DB-447D-89D7-949C283D039E}.Debug|Win32.ActiveCfg = Debug|Win32
		{35E5D1A3-12DB-447D-89D7-949C283D039E}.Debug|Win32.Build.0 = Debug|Win32
		{35E5D1A3-12DB-447D-89D7-949C283D039E}.Release|Win32.ActiveCfg = Release|Win32
		{35E5D1A3-12DB-447D-89D7-949C283D039E}.Release|Win32.Build.0 = Release|Win32
		{36A82154-2278-4E89-B3B6-562CC98B78F1}.Debug|Win32.ActiveCfg = Debug|Win32
		{36A82154-2278-4E89-B3B6-562CC98B78F1}.Debug|Win32.Build.0 = Debug|Win32
		{36A82154-2278-4E89-B3B6-562CC98B78F1}.Release|Win32.ActiveCfg = Release|Win32
		{36A82154-2278-4E89-B3B6-562CC98B78F1}.Release|Win32.Build.0 = Release|Win32
		{F6F20F9F-03FF-4DE8-9D77-8FE8BCB360E8}.Debug|Win32.ActiveCfg = Debug|Win32
		{F6F20F9F-03FF-4DE8-9D77-8FE8BCB360E8}.Debug|Win32.Build.0 = Debug|Win32
		{F6F20F9F-03FF-4DE8-9D77-8FE8BCB360E8}.Release|Win32.ActiveCfg = Release|Win32
		{F6F20F9F-03FF-4DE8-9D77-8FE8BCB360E8}.Release|Win32.Build.0 = Release|Win32
		{33E37D8F-F66E-40D3-AA8E-6957616C6BC0}.Debug|Win32.ActiveCfg = Debug|Win32
		{33E37D8F-F66E-40D3-AA8E-6957616C6BC0}.Debug|Win32.Build.0 = Debug|Win32
		{33E37D8F-F66E-40D3-AA8E-6957616C6BC0}.Release|Win32.ActiveCfg = Release|Win32
		{33E37D8F-F66E-40D3-AA8E-6957616C6BC0}.Release|Win32.Build.0 = Release|Win32
		{DCB26FA0-6929-4D2C-930D-68C8678B745D}.Debug|Win32.ActiveCfg = Debug|Win32
		{DCB26FA0-6929-4D2C-930D-68C8678B745D}.Debug|Win32.Build.0 = Debug|Win32
		{DCB26FA0-6929-4D2C-930D-68C8678B745D}.Release|Win32.ActiveCfg = Release|Win32
		{DCB26FA0-6929-4D2C-930D-68C8678B745D}.Release|Win32.Build.0 = Release|Win32
		{44F903EE-F173-437A-BB03-7E2CCC681ABA}.Debug|Win32.ActiveCfg = Debug|Win32
		{44F903EE-F173-437A-BB03-7E2CCC681ABA}.Debug|Win32.Build.0 = Debug|Win32
		{44F903EE-F173-437A-BB03-7E2CCC681ABA}.Release|Win32.ActiveCfg = Release|Win32
		{44F903EE-F173-437A-BB03-7E2CCC681ABA}.Release|Win32.Build.0 = Release|Win32
		{47497567-33E9-4FED-A4AF-B05D1E93F2D7}.Debug|Win32.ActiveCfg = Debug|Win32
		{47497567-33E9-4FED-A4AF-B05D1E93F2D7}.Debug|Win32.Build.0 = Debug|Win32
		{47497567-33E9-4FED-A4AF-B05D1E93F2D7}.Release|Win32.ActiveCfg = Release|Win32
		{47497567-33E9-4FED-A4AF-B05D1E93F2D7}.Release|Win32.Build.0 = Release|Win32
		{5EE9637E-EE7C-4482-A5F6-35881A857C93}.Debug|Win32.ActiveCfg = Debug|Win32
		{5EE9637E-EE7C-4482-A5F6-35881A857C93}.Debug|Win32.Build.0 = Debug|Win32
		{5EE9637E-EE7C-4482-A5F6-35881A857C93}.Release|Win32.ActiveCfg = Release|Win32
		{5EE9637E-EE7C-4482-A5F6-35881A857C93}.Release|Win32.Build.0 = Release|Win32
		{817AEFC3-84ED-4FAD-AFF3-28329B5052A6}.Debug|Win32.ActiveCfg = Debug|Win32
		{817AEFC3-84ED-4FAD-AFF3-28329B5052A6}.Debug|Win32.Build.0 = Debug|Win32
		{817AEFC3-84ED-4FAD-AFF3-28329B5052A6}.Release|Win32.ActiveCfg = Release|Win32
		{817AEFC3-84ED-4FAD-AFF3-28329B5052A6}.Release|Win32.Build.0 = Release|Win32
		{E787ACC5-88E4-4586-ADAA-1D0EFF976D77}.Debug|Win32.ActiveCfg = Debug|Win32
		{E787ACC5-88E4-4586-ADAA-1D0EFF976D77}.Debug|Win32.Build.0 = Debug|Win32
		{E787ACC5-88E4-4586-ADAA-1D0EFF976D77}.Release|Win32.ActiveCfg = Release|Win32
		{E787ACC5-88E4-4586-ADAA-1D0EFF976D77}.Release|Win32.Build.0 = Release|Win32
		{08F234AF-0AE7-4286-A188-1C207F080747}.Debug|Win32.ActiveCfg = Debug|Win32
		{08F234AF-0AE7-4286-A188-1C207F080747}.Debug|Win32.Build.0 = Debug|Win32
		{08F234AF-0AE7-4286-A188-1C207F080747}.Release|Win32.ActiveCfg = Release|Win32
		{08F234AF-0AE7-4286-A188-1C207F080747}.Release|Win32.Build.0 = Release|Win32
		{0C163390-F91B-417F-9EBA-00C908027D0C}.Debug|Win32.ActiveCfg = Debug|Win32
		{0C163390-F91B-417F-9EBA-00C908027D0C}.Debug|Win32.Build.0 = Debug|Win32
		{0C163390-F91B-417F-9EBA-00C908027D0C}.Release|Win32.ActiveCfg = Release|Win32
		{0C163390-F91B-417F-9EBA-00C908027D0C}.Release|Win32.Build.0 = Release|Win32
		{A503F4C8-EE5B-4898-AED9-3BF96BBB6789}.Debug|Win32.ActiveCfg = Debug|Win32
		{A503F4C8-EE5B-4898-AED9-3BF96BBB6789}.Debug|Win32.Build.0 = Debug|Win32
		{A503F4C8-EE5B-4898-AED9-3BF96BBB6789}.Release|Win32.ActiveCfg = Release|Win32
		{A503F4C8-EE5B-4898-AED9-3BF96BBB6789}.Release|Win32.Build.0 = Release|Win32
		{1954527D-5AF0-4D01-8105-C9B51186C850}.Debug|Win32.ActiveCfg = Debug|Win32
		{1954527D-5AF0-4D01-8105-C9B51186C850}.Debug|Win32.Build.0 = Debug|Win32
		{1954527D-5AF0-4D01-8105-C9B51186C850}.Release|Win32.ActiveCfg = Release|Win32
		{1954527D-5AF0-4D01-8105-C9B51186C850}.Release|Win32.Build.0 = Release|Win32
		{1461CBD3-F222-47B1-9B01-F808C3B23CFC}.Debug|Win32.ActiveCfg = Debug|Win32
		{1461CBD3-F222-47B1-9B01-F808C3B23CFC}.Debug|Win32.Build.0 = Debug|Win32
		{1461CBD3-F222-47B1-9B01-F808C3B23CFC}.Release|Win32.ActiveCfg = Release|Win32
		{1461CBD3-F222-47B1-9B01-F808C3B23CFC}.Release|Win32.Build.0 = Release|Win32
		{7CD7DF6C-D648-4A90-928E-23D24D978542}.Debug|Win32.ActiveCfg = Debug|Win32
		{7CD7DF6C-D648-4A90-928E-23D24D978542}.Debug|Win32.Build.0 = Debug|Win32
		{7CD7DF6C-D648-4A90-928E-23D24D978542}.Release|Win32.ActiveCfg = Release|Win32
		{7CD7DF6C-D648-4A90-928E-23D24D978542}.Release|Win32.Build.0 = Release|Win32
		{58AC0B2F-D0CD-45D2-9C59-B077534557BD}.Debug|Win32.ActiveCfg = Debug|Win32
		{58AC0B2F-D0CD-45D2-9C59-B077534557BD}.Debug|Win32.Build.0 = Debug|Win32
		{58AC0B2F-D0CD-45D2-9C59-B077534557BD}.Release|Win32.ActiveCfg = Release|Win32
		{58AC0B2F-D0CD-45D2-9C59-B077534557BD}.Release|Win32.Build.0 = Release|Win32
		{90ADB262-73E4-4E15-B725-1FDDDED8B20F}.Debug|Win32.ActiveCfg = Debug|Win32
		{90ADB262-73E4-4E15-B725-1FDDDED8B20F}.Debug|Win32.Build.0 = Debug|Win32
		{90ADB262-73E4-4E15-B725-1FDDDED8B20F}.Release|Win32.ActiveCfg = Release|Win32
		{90ADB262-73E4-4E15-B725-1FDDDED8B20F}.Release|Win32.Build.0 = Release|Win32
		{50869EE3-066F-4D15-8316-FB5BD5B2FBA6}.Debug|Win32.ActiveCfg = Debug|Win32
		{50869EE3-066F-4D15-8316-FB5BD5B2FBA6}.Debug|Win32.Build.0 = Debug|Win32
		{50869EE3-066F-4D15-8316-FB5BD5B2FBA6}.Release|Win32.ActiveCfg = Release|Win32
		{50869EE3-066F-4D15-8316-FB5BD5B2FBA6}.Release|Win32.Build.0 = Release|Win32
		{C41F5B36-8AA5-45FE-BD2B-BC027385BFD1}.Debug|Win32.ActiveCfg = Debug|Win32
		{C41F5B36-8AA5-45FE-BD2B-BC027385BFD1}.Debug|Win32.Build.0 = Debug|Win32
		{C41F5B36-8AA5-45FE-BD2B-BC027385BFD1}.Release|Win32.ActiveCfg = Release|Win32
		{C41F5B36-8AA5-45FE-BD2B-BC027385BFD1}.Release|Win32.Build.0 = Release|Win32
		{30221BAA-3C80-4B74-96F9-598C67F20E5F}.Debug|Win32.ActiveCfg = Debug|Win32
		{30221BAA-3C80-4B74-96F9-598C67F20E5F}.Debug|Win32.Build.0 = Debug|Win32
		{30221BAA-3C80-4B74-96F9-598C67F20E5F}.Release|Win32.ActiveCfg = Release|Win32
		{30221BAA-3C80-4B74-96F9-598C67F20E5F}.Release|Win32.Build.0 = Release|Win32
		{7019CDDC-9293-49D1-AB42-81493DBBBD26}.Debug|Win32.ActiveCfg = Debug|Win32
		{7019CDDC-9293-49D1-AB42-81493DBBBD26}.Debug|Win32.Build.0 = Debug|Win32
		{7019CDDC-9293-49D1-AB42-81493DBBBD26}.Release|Win32.ActiveCfg = Release|Win32
		{7019CDDC-9293-49D1-AB42-81493DBBBD26}.Release|Win32.Build.0 = Release|Win32
		{9FCAF2AB-9525-4495-B137-830FB2248F2E}.Debug|Win32.ActiveCfg = Debug|Win32
		{9FCAF2AB-9525-4495-B137-830FB2248F2E}.Debug|Win32.Build.0 = Debug|Win32
		{9FCAF2AB-9525-4495-B137-830FB2248F2E}.Release|Win32.ActiveCfg = Release|Win32
		{9FCAF2AB-9525-4495-B137-830FB2248F2E}.Release|Win32.Build.0 = Release|Win32
		{74133E0A-8D5D-4317-99FF-65D4D9B28DB8}.Debug|Win32.ActiveCfg = Debug|Win32
		{74133E0A-8D5D-4317-99FF-65D4D9B28DB8}.Debug|Win32.Build.0 = Debug|Win32
		{74133E0A-8D5D-4317-99FF-65D4D9B28DB8}.Release|Win32.ActiveCfg = Release|Win32
		{74133E0A-8D5D-4317-99FF-65D4D9B28DB8}.Release|Win32.Build.0 = Release|Win32
		{E70ECC5E-50B2-470C-B598-8BD738317F2A}.Debug|Win32.ActiveCfg = Debug|Win32
		{E70ECC5E-50B2-470C-B598-8BD738317F2A}.Debug|Win32.Build.0 = Debug|Win32
		{E70ECC5E-50B2-470C-B598-8BD738317F2A}.Release|Win32.ActiveCfg = Release|Win32
		{E70ECC5E-50B2-470C-B598-8BD738317F2A}.Release|Win32.Build.0 = Release|Win32
		{F95DFE69-01D9-4663-86AB-568432CEB5CF}.Debug|Win32.ActiveCfg = Debug|Win32
		{F95DFE69-01D9-4663-86AB-568432CEB5CF}.Debug|Win32.Build.0 = Debug|Win32
		{F95DFE69-01D9-4663-86AB-568432CEB5CF}.Release|Win32.ActiveCfg = Release|Win32
		{F95DFE69-01D9-4663-86AB-568432CEB5CF}.Release|Win32.Build.0 = Release|Win32
		{8A28628D-ADC1-4E75-A45F-51212AE6C92A}.Debug|Win32.ActiveCfg = Debug|Win32
		{8A28628D-ADC1-4E75-A45F-51212AE6C92A}.Debug|Win32.Build.0 = Debug|Win32
		{8A28628D-ADC1-4E75-A45F-51212AE6C92A}.Release|Win32.ActiveCfg = Release|Win32
		{8A28628D-ADC1-4E75-A45F-51212AE6C92A}.Release|Win32.Build.0 = Release|Win32
		{8BEBCC9A-5833-4696-B410-7CA5D2ED294E}.Debug|Win32.ActiveCfg = Debug|Win32
		{8BEBCC9A-5833-4696-B410-7CA5D2ED294E}.Debug|Win32.Build.0 = Debug|Win32
		{8BEBCC9A-5833-4696-B410-7CA5D2ED294E}.Release|Win32.ActiveCfg = Release|Win32
		{8BEBCC9A-5833-4696-B410-7CA5D2ED294E}.Release|Win32.Build.0 = Release|Win32
		{4686A421-0C4B-4FDB-A7DA-6B1565CA0969}.Debug|Win32.ActiveCfg = Debug|Win32
		{4686A421-0C4B-4FDB-A7DA-6B1565CA0969}.Debug|Win32.Build.0 = Debug|Win32
		{4686A421-0C4B-4FDB-A7DA-6B1565CA0969}.Release|Win32.ActiveCfg = Release|Win32
		{4686A421-0C4B-4FDB-A7DA-6B1565CA0969}.Release|Win32.Build.0 = Release|Win32
		{658199D9-D2A6-4B8D-A835-C2ED1E61F117}.Debug|Win32.ActiveCfg = Debug|Win32
		{658199D9-D2A6-4B8D-A835-C2ED1E61F117}.Debug|Win32.Build.0 = Debug|Win32
		{658199D9-D2A6-4B8D-A835-C2ED1E61F117}.Release|Win32.ActiveCfg = Release|Win32
		{658199D9-D2A6-4B8D-A835-C2ED1E61F117}.Release|Win32.Build.0 = Release|Win32
		{DE9E8CC5-31BF-4093-A416-D1144ED76432}.Debug|Win32.ActiveCfg = Debug|Win32
		{DE9E8CC5-31BF-4093-A416-D1144ED76432}.Debug|Win32.Build.0 = Debug|Win32
		{DE9E8CC5-31BF-4093-A416-D1144ED76432}.Release|Win32.ActiveCfg = Release|Win32
		{DE9E8CC5-31BF-4093-A416-D1144ED76432}.Release|Win32.Build.0 = Release|Win32
		{31F750FB-6948-4614-B96F-B15A65DEEF38}.Debug|Win32.ActiveCfg = Debug|Win32
		{31F750FB-6948-4614-B96F-B15A65DEEF38}.Debug|Win32.Build.0 = Debug|Win32
		{31F750FB-6948-4614-B96F-B15A65DEEF38}.Release|Win32.ActiveCfg = Release|Win32
		{31F750FB-6948-4614-B96F-B15A65DEEF38}.Release|Win32.Build.0 = Release|Win32
		{871FCE32-7252-4242-A182-E56D8A12FAD0}.Debug|Win32.ActiveCfg = Debug|Win32
		{871FCE32-7252-4242-A182-E56D8A12FAD0}.Debug|Win32.Build.0 = Debug|Win32
		{871FCE32-7252-4242-A182-E56D8A12FAD0}.Release|Win32.ActiveCfg = Release|Win32
		{871FCE32-7252-4242-A182-E56D8A12FAD0}.Release|Win32.Build.0 = Release|Win32
		{B5722120-387F-4992-8D35-8A67F9A7A197}.Debug|Win32.ActiveCfg = Debug|Win32
		{B5722120-387F-4992-8D35-8A67F9A7A197}.Debug|Win32.Build.0 = Debug|Win32
		{B5722120-387F-4992-8D35-8A67F9A7A197}.Release|Win32.ActiveCfg = Release|Win32
		{B5722120-387F-4992-8D35-8A67F9A7A197}.Release|Win32.Build.0 = Release|Win32
		{18A3AFCA-3207-4FA0-AF28-1A7C8610B08B}.Debug|Win32.ActiveCfg = Debug|Win32
		{18A3AFCA-3207-4FA0-AF28-1A7C8610B08B}.Debug|Win32.Build.0 = Debug|Win32
		{18A3AFCA-3207-4FA0-AF28-1A7C8610B08B}.Release|Win32.ActiveCfg = Release|Win32
		{18A3AFCA-3207-4FA0-AF28-1A7C8610B08B}.Release|Win32.Build.0 = Release|Win32
		{35F68245-B96C-4163-B763-F1A9EE5CCF32}.Debug|Win32.ActiveCfg = Debug|Win32
		{35F68245-B96C-4163-B763-F1A9EE5CCF32}.Debug|Win32.Build.0 = Debug|Win32
		{35F68245-B96C-4163-B763-F1A9EE5CCF32}.Release|Win32.ActiveCfg = Release|Win32
		{35F68245-B96C-4163-B763-F1A9EE5CCF32}.Release|Win32.Build.0 = Release|Win32
		{04A6D6BF-4ABF-4C04-B84A-4937559C371A}.Debug|Win32.ActiveCfg = Debug|Win32
		{04A6D6BF-4ABF-4C04-B84A-4937559C371A}.Debug|Win32.Build.0 = Debug|Win32
		{04A6D6BF-4ABF-4C04-B84A-4937559C371A}.Release|Win32.ActiveCfg = Release|Win32
		{04A6D6BF-4ABF-4C04-B84A-4937559C371A}.Release|Win32.Build.0 = Release|Win32
		{4F64596A-088E-4DF9-8D14-B9CD76EE1C6F}.Debug|Win32.ActiveCfg = Debug|Win32
		{4F64596A-088E-4DF9-8D14-B9CD76EE1C6F}.Debug|Win32.Build.0 = Debug|Win32
		{4F64596A-088E-4DF9-8D14-B9CD76EE1C6F}.Release|Win32.ActiveCfg = Release|Win32
		{4F64596A-088E-4DF9-8D14-B9CD76EE1C6F}.Release|Win32.Build.0 = Release|Win32
	EndGlobalSection
	GlobalSection(SolutionProperties) = preSolution
		HideSolutionNode = FALSE
	EndGlobalSection
	GlobalSection(NestedProjects) = preSolution
		{5B7F9F29-ECDE-4946-8258-15104A1CDF7E} = {68BC55AD-CF4A-4D4C-8C69-090FA1CCB560}
		{4686A421-0C4B-4FDB-A7DA-6B1565CA0969} = {68BC55AD-CF4A-4D4C-8C69-090FA1CCB560}
		{658199D9-D2A6-4B8D-A835-C2ED1E61F117} = {68BC55AD-CF4A-4D4C-8C69-090FA1CCB560}
		{DE9E8CC5-31BF-4093-A416-D1144ED76432} = {68BC55AD-CF4A-4D4C-8C69-090FA1CCB560}
		{9BB653E7-3034-4A35-86D9-1B9D4CBD8075} = {2C2BA5E3-80E5-439C-9D14-05770887F6D9}
		{198C8C86-E264-4216-A5D7-05FA85B09D53} = {2C2BA5E3-80E5-439C-9D14-05770887F6D9}
		{B9771E10-6CB8-44A2-BF18-AFB32999E682} = {2C2BA5E3-80E5-439C-9D14-05770887F6D9}
		{26736814-D109-496E-B695-0A5F75456893} = {42EC627E-F56C-4BAB-A39F-E0393B85641E}
		{758B51E1-BA40-419D-B529-DEEE64269741} = {42EC627E-F56C-4BAB-A39F-E0393B85641E}
		{D2BD655E-231F-4039-89F8-2AE29269EFF1} = {42EC627E-F56C-4BAB-A39F-E0393B85641E}
		{E787ACC5-88E4-4586-ADAA-1D0EFF976D77} = {42EC627E-F56C-4BAB-A39F-E0393B85641E}
		{01547B29-E560-4655-B01F-6845AF786C2F} = {BC045306-8BFC-480D-8AE7-A6BDD3DAE6A0}
		{AE5A1524-2056-47AF-BAD0-DF219C16E416} = {BC045306-8BFC-480D-8AE7-A6BDD3DAE6A0}
		{A52FEB96-5FCF-429F-9331-7A916776EB25} = {BC045306-8BFC-480D-8AE7-A6BDD3DAE6A0}
		{2D43B2B3-4D09-4823-8180-FEF81DD1964E} = {01547B29-E560-4655-B01F-6845AF786C2F}
		{4EEF7B20-5DAC-44FC-848F-ECFB142D965E} = {01547B29-E560-4655-B01F-6845AF786C2F}
		{2D007287-8EAC-4336-A27F-A9FA78FE5633} = {01547B29-E560-4655-B01F-6845AF786C2F}
		{4C0FC9BB-2419-4FB2-B1B8-7B4B30E170E9} = {01547B29-E560-4655-B01F-6845AF786C2F}
		{47497567-33E9-4FED-A4AF-B05D1E93F2D7} = {01547B29-E560-4655-B01F-6845AF786C2F}
		{5EE9637E-EE7C-4482-A5F6-35881A857C93} = {01547B29-E560-4655-B01F-6845AF786C2F}
		{817AEFC3-84ED-4FAD-AFF3-28329B5052A6} = {01547B29-E560-4655-B01F-6845AF786C2F}
		{6FD600DA-A8FC-4A2A-B4C7-BC80A9FE74F0} = {AE5A1524-2056-47AF-BAD0-DF219C16E416}
		{D64021B4-BBCC-44CC-86CE-A595D4677D40} = {AE5A1524-2056-47AF-BAD0-DF219C16E416}
		{EF7195BC-C0AD-49F6-B09D-4DE430914102} = {AE5A1524-2056-47AF-BAD0-DF219C16E416}
		{0DDE5B2C-BA6E-4011-8924-3AA6BA26E7C2} = {AE5A1524-2056-47AF-BAD0-DF219C16E416}
		{23C01BA8-D560-4606-B1E3-34D825C1BD3A} = {AE5A1524-2056-47AF-BAD0-DF219C16E416}
		{35E5D1A3-12DB-447D-89D7-949C283D039E} = {AE5A1524-2056-47AF-BAD0-DF219C16E416}
		{36A82154-2278-4E89-B3B6-562CC98B78F1} = {AE5A1524-2056-47AF-BAD0-DF219C16E416}
		{F6F20F9F-03FF-4DE8-9D77-8FE8BCB360E8} = {AE5A1524-2056-47AF-BAD0-DF219C16E416}
		{33E37D8F-F66E-40D3-AA8E-6957616C6BC0} = {AE5A1524-2056-47AF-BAD0-DF219C16E416}
		{DCB26FA0-6929-4D2C-930D-68C8678B745D} = {AE5A1524-2056-47AF-BAD0-DF219C16E416}
		{44F903EE-F173-437A-BB03-7E2CCC681ABA} = {AE5A1524-2056-47AF-BAD0-DF219C16E416}
		{831D6E4A-05E6-4A0F-8EED-DD4789842582} = {A52FEB96-5FCF-429F-9331-7A916776EB25}
		{ADEDA838-76EB-4DE8-98FB-7F8C7D3D5F01} = {A52FEB96-5FCF-429F-9331-7A916776EB25}
		{115484BA-DC28-4DC5-9E4C-BD778A48BA32} = {A52FEB96-5FCF-429F-9331-7A916776EB25}
		{9F3D7725-9E8C-4AF4-AFC4-3CBDD1E9CB07} = {A52FEB96-5FCF-429F-9331-7A916776EB25}
		{5F60C134-F640-434B-81DA-E8171AA0A5E3} = {A52FEB96-5FCF-429F-9331-7A916776EB25}
		{621360DC-C198-4E37-B794-D0A7EA4EDB79} = {9FF61737-0502-4933-A12A-40BD7CA3E3A4}
		{6E0E2F83-0FD2-43FC-9172-96B19B42A730} = {9FF61737-0502-4933-A12A-40BD7CA3E3A4}
		{2774FAA1-B543-4999-92C4-1B97EB86B32F} = {9FF61737-0502-4933-A12A-40BD7CA3E3A4}
		{3AE78510-FD0E-4038-B3A7-84F44F3F91EA} = {9FF61737-0502-4933-A12A-40BD7CA3E3A4}
		{A271423A-38B4-4073-AAAC-9F9D13302F0E} = {9FF61737-0502-4933-A12A-40BD7CA3E3A4}
		{30557298-DAE2-4257-B30C-298660CD2AC7} = {9FF61737-0502-4933-A12A-40BD7CA3E3A4}
		{7BC8B61C-C9BC-46D5-A184-094B54EAC1E1} = {9FF61737-0502-4933-A12A-40BD7CA3E3A4}
		{08F234AF-0AE7-4286-A188-1C207F080747} = {621360DC-C198-4E37-B794-D0A7EA4EDB79}
		{74133E0A-8D5D-4317-99FF-65D4D9B28DB8} = {621360DC-C198-4E37-B794-D0A7EA4EDB79}
		{1954527D-5AF0-4D01-8105-C9B51186C850} = {6E0E2F83-0FD2-43FC-9172-96B19B42A730}
		{1461CBD3-F222-47B1-9B01-F808C3B23CFC} = {6E0E2F83-0FD2-43FC-9172-96B19B42A730}
		{7CD7DF6C-D648-4A90-928E-23D24D978542} = {2774FAA1-B543-4999-92C4-1B97EB86B32F}
		{58AC0B2F-D0CD-45D2-9C59-B077534557BD} = {2774FAA1-B543-4999-92C4-1B97EB86B32F}
		{6D3FB9C9-ADBF-490A-B32E-1F114B6C01A2} = {3AE78510-FD0E-4038-B3A7-84F44F3F91EA}
		{F2CB5B41-26D2-458E-9C91-CC49E43EBFD1} = {3AE78510-FD0E-4038-B3A7-84F44F3F91EA}
		{C41F5B36-8AA5-45FE-BD2B-BC027385BFD1} = {A271423A-38B4-4073-AAAC-9F9D13302F0E}
		{30221BAA-3C80-4B74-96F9-598C67F20E5F} = {30557298-DAE2-4257-B30C-298660CD2AC7}
		{90ADB262-73E4-4E15-B725-1FDDDED8B20F} = {7BC8B61C-C9BC-46D5-A184-094B54EAC1E1}
		{50869EE3-066F-4D15-8316-FB5BD5B2FBA6} = {7BC8B61C-C9BC-46D5-A184-094B54EAC1E1}
		{0C163390-F91B-417F-9EBA-00C908027D0C} = {6D3FB9C9-ADBF-490A-B32E-1F114B6C01A2}
		{9FCAF2AB-9525-4495-B137-830FB2248F2E} = {6D3FB9C9-ADBF-490A-B32E-1F114B6C01A2}
		{A503F4C8-EE5B-4898-AED9-3BF96BBB6789} = {F2CB5B41-26D2-458E-9C91-CC49E43EBFD1}
		{7019CDDC-9293-49D1-AB42-81493DBBBD26} = {F2CB5B41-26D2-458E-9C91-CC49E43EBFD1}
		{F95DFE69-01D9-4663-86AB-568432CEB5CF} = {198C8C86-E264-4216-A5D7-05FA85B09D53}
		{E70ECC5E-50B2-470C-B598-8BD738317F2A} = {198C8C86-E264-4216-A5D7-05FA85B09D53}
		{8BEBCC9A-5833-4696-B410-7CA5D2ED294E} = {B9771E10-6CB8-44A2-BF18-AFB32999E682}
		{8A28628D-ADC1-4E75-A45F-51212AE6C92A} = {B9771E10-6CB8-44A2-BF18-AFB32999E682}
		{31F750FB-6948-4614-B96F-B15A65DEEF38} = {6ADDD842-712B-419F-8BF8-C9E16703488D}
		{871FCE32-7252-4242-A182-E56D8A12FAD0} = {6ADDD842-712B-419F-8BF8-C9E16703488D}
		{B5722120-387F-4992-8D35-8A67F9A7A197} = {3D0C51B8-6092-4BFF-A5AB-D42850F32DA1}
		{18A3AFCA-3207-4FA0-AF28-1A7C8610B08B} = {3D0C51B8-6092-4BFF-A5AB-D42850F32DA1}
		{35F68245-B96C-4163-B763-F1A9EE5CCF32} = {E73D95DC-E493-41CB-A7C9-150BB08D6FD8}
		{04A6D6BF-4ABF-4C04-B84A-4937559C371A} = {E73D95DC-E493-41CB-A7C9-150BB08D6FD8}
		{4F64596A-088E-4DF9-8D14-B9CD76EE1C6F} = {EE713C99-30DA-45C4-89D1-17D88D32AB97}
	EndGlobalSection
EndGlobal
